// !$*UTF8*$!
{
	archiveVersion = 1;
	classes = {
	};
	objectVersion = 56;
	objects = {

/* Begin PBXBuildFile section */
		4A3450BB2BD5C8F4009DCFBC /* NewsDataModel.xcdatamodeld in Sources */ = {isa = PBXBuildFile; fileRef = 4AAA9EB82BD5964F00E9D865 /* NewsDataModel.xcdatamodeld */; };
		4A3450C12BD5DD79009DCFBC /* Reachability in Frameworks */ = {isa = PBXBuildFile; productRef = 4A3450C02BD5DD79009DCFBC /* Reachability */; };
		4AAA9EA32BD545C800E9D865 /* Constants.swift in Sources */ = {isa = PBXBuildFile; fileRef = 4AAA9EA22BD545C800E9D865 /* Constants.swift */; };
		4AAA9EA62BD5474700E9D865 /* NetworkClient.swift in Sources */ = {isa = PBXBuildFile; fileRef = 4AAA9EA52BD5474700E9D865 /* NetworkClient.swift */; };
		4AAA9EA92BD5478100E9D865 /* Alamofire in Frameworks */ = {isa = PBXBuildFile; productRef = 4AAA9EA82BD5478100E9D865 /* Alamofire */; };
		4AAA9EAC2BD56AA800E9D865 /* String + Extension.swift in Sources */ = {isa = PBXBuildFile; fileRef = 4AAA9EAB2BD56AA800E9D865 /* String + Extension.swift */; };
		4AAA9EAF2BD56DF600E9D865 /* ProgressHUD in Frameworks */ = {isa = PBXBuildFile; productRef = 4AAA9EAE2BD56DF600E9D865 /* ProgressHUD */; };
		4AAA9EB12BD56E0A00E9D865 /* UIBlockingProgressHUD.swift in Sources */ = {isa = PBXBuildFile; fileRef = 4AAA9EB02BD56E0A00E9D865 /* UIBlockingProgressHUD.swift */; };
		4AAA9EB42BD5756400E9D865 /* Kingfisher in Frameworks */ = {isa = PBXBuildFile; productRef = 4AAA9EB32BD5756400E9D865 /* Kingfisher */; };
		4AAA9EBC2BD599A600E9D865 /* CategoryStore.swift in Sources */ = {isa = PBXBuildFile; fileRef = 4AAA9EBB2BD599A600E9D865 /* CategoryStore.swift */; };
		4AAA9EBE2BD5AA6B00E9D865 /* VerticallyAlignedUILabel.swift in Sources */ = {isa = PBXBuildFile; fileRef = 4AAA9EBD2BD5AA6B00E9D865 /* VerticallyAlignedUILabel.swift */; };
		4ADF7BF12BD3E75F0079D710 /* NewsModel.swift in Sources */ = {isa = PBXBuildFile; fileRef = 4ADF7BF02BD3E75F0079D710 /* NewsModel.swift */; };
		4ADF7BF32BD3EE2F0079D710 /* MainUICollectionViewCell.swift in Sources */ = {isa = PBXBuildFile; fileRef = 4ADF7BF22BD3EE2F0079D710 /* MainUICollectionViewCell.swift */; };
		4ADF7BF52BD4143D0079D710 /* SupplementaryView.swift in Sources */ = {isa = PBXBuildFile; fileRef = 4ADF7BF42BD4143D0079D710 /* SupplementaryView.swift */; };
		4AE1ADB72BD2819B00EDC2F1 /* AppDelegate.swift in Sources */ = {isa = PBXBuildFile; fileRef = 4AE1ADB62BD2819B00EDC2F1 /* AppDelegate.swift */; };
		4AE1ADB92BD2819B00EDC2F1 /* SceneDelegate.swift in Sources */ = {isa = PBXBuildFile; fileRef = 4AE1ADB82BD2819B00EDC2F1 /* SceneDelegate.swift */; };
		4AE1ADBB2BD2819B00EDC2F1 /* NewsViewController.swift in Sources */ = {isa = PBXBuildFile; fileRef = 4AE1ADBA2BD2819B00EDC2F1 /* NewsViewController.swift */; };
		4AE1ADC02BD2819C00EDC2F1 /* Assets.xcassets in Resources */ = {isa = PBXBuildFile; fileRef = 4AE1ADBF2BD2819C00EDC2F1 /* Assets.xcassets */; };
		4AE1ADC32BD2819C00EDC2F1 /* Base in Resources */ = {isa = PBXBuildFile; fileRef = 4AE1ADC22BD2819C00EDC2F1 /* Base */; };
		4AE1ADCC2BD3047A00EDC2F1 /* SecondaryUICollectionViewCell.swift in Sources */ = {isa = PBXBuildFile; fileRef = 4AE1ADCB2BD3047A00EDC2F1 /* SecondaryUICollectionViewCell.swift */; };
/* End PBXBuildFile section */

/* Begin PBXFileReference section */
		4AAA9EA22BD545C800E9D865 /* Constants.swift */ = {isa = PBXFileReference; lastKnownFileType = sourcecode.swift; path = Constants.swift; sourceTree = "<group>"; };
		4AAA9EA52BD5474700E9D865 /* NetworkClient.swift */ = {isa = PBXFileReference; lastKnownFileType = sourcecode.swift; path = NetworkClient.swift; sourceTree = "<group>"; };
		4AAA9EAB2BD56AA800E9D865 /* String + Extension.swift */ = {isa = PBXFileReference; lastKnownFileType = sourcecode.swift; path = "String + Extension.swift"; sourceTree = "<group>"; };
		4AAA9EB02BD56E0A00E9D865 /* UIBlockingProgressHUD.swift */ = {isa = PBXFileReference; lastKnownFileType = sourcecode.swift; path = UIBlockingProgressHUD.swift; sourceTree = "<group>"; };
		4AAA9EB92BD5964F00E9D865 /* NewsDataModel.xcdatamodel */ = {isa = PBXFileReference; lastKnownFileType = wrapper.xcdatamodel; path = NewsDataModel.xcdatamodel; sourceTree = "<group>"; };
		4AAA9EBB2BD599A600E9D865 /* CategoryStore.swift */ = {isa = PBXFileReference; lastKnownFileType = sourcecode.swift; path = CategoryStore.swift; sourceTree = "<group>"; };
		4AAA9EBD2BD5AA6B00E9D865 /* VerticallyAlignedUILabel.swift */ = {isa = PBXFileReference; lastKnownFileType = sourcecode.swift; path = VerticallyAlignedUILabel.swift; sourceTree = "<group>"; };
		4ADF7BF02BD3E75F0079D710 /* NewsModel.swift */ = {isa = PBXFileReference; lastKnownFileType = sourcecode.swift; path = NewsModel.swift; sourceTree = "<group>"; };
		4ADF7BF22BD3EE2F0079D710 /* MainUICollectionViewCell.swift */ = {isa = PBXFileReference; lastKnownFileType = sourcecode.swift; path = MainUICollectionViewCell.swift; sourceTree = "<group>"; };
		4ADF7BF42BD4143D0079D710 /* SupplementaryView.swift */ = {isa = PBXFileReference; lastKnownFileType = sourcecode.swift; path = SupplementaryView.swift; sourceTree = "<group>"; };
		4AE1ADB32BD2819B00EDC2F1 /* NewsApp.app */ = {isa = PBXFileReference; explicitFileType = wrapper.application; includeInIndex = 0; path = NewsApp.app; sourceTree = BUILT_PRODUCTS_DIR; };
		4AE1ADB62BD2819B00EDC2F1 /* AppDelegate.swift */ = {isa = PBXFileReference; lastKnownFileType = sourcecode.swift; path = AppDelegate.swift; sourceTree = "<group>"; };
		4AE1ADB82BD2819B00EDC2F1 /* SceneDelegate.swift */ = {isa = PBXFileReference; lastKnownFileType = sourcecode.swift; path = SceneDelegate.swift; sourceTree = "<group>"; };
		4AE1ADBA2BD2819B00EDC2F1 /* NewsViewController.swift */ = {isa = PBXFileReference; lastKnownFileType = sourcecode.swift; path = NewsViewController.swift; sourceTree = "<group>"; };
		4AE1ADBF2BD2819C00EDC2F1 /* Assets.xcassets */ = {isa = PBXFileReference; lastKnownFileType = folder.assetcatalog; path = Assets.xcassets; sourceTree = "<group>"; };
		4AE1ADC22BD2819C00EDC2F1 /* Base */ = {isa = PBXFileReference; lastKnownFileType = file.storyboard; name = Base; path = Base.lproj/LaunchScreen.storyboard; sourceTree = "<group>"; };
		4AE1ADC42BD2819C00EDC2F1 /* Info.plist */ = {isa = PBXFileReference; lastKnownFileType = text.plist.xml; path = Info.plist; sourceTree = "<group>"; };
		4AE1ADCB2BD3047A00EDC2F1 /* SecondaryUICollectionViewCell.swift */ = {isa = PBXFileReference; lastKnownFileType = sourcecode.swift; path = SecondaryUICollectionViewCell.swift; sourceTree = "<group>"; };
/* End PBXFileReference section */

/* Begin PBXFrameworksBuildPhase section */
		4AE1ADB02BD2819B00EDC2F1 /* Frameworks */ = {
			isa = PBXFrameworksBuildPhase;
			buildActionMask = 2147483647;
			files = (
				4AAA9EB42BD5756400E9D865 /* Kingfisher in Frameworks */,
				4A3450C12BD5DD79009DCFBC /* Reachability in Frameworks */,
				4AAA9EA92BD5478100E9D865 /* Alamofire in Frameworks */,
				4AAA9EAF2BD56DF600E9D865 /* ProgressHUD in Frameworks */,
			);
			runOnlyForDeploymentPostprocessing = 0;
		};
/* End PBXFrameworksBuildPhase section */

/* Begin PBXGroup section */
		4AAA9EA42BD5473000E9D865 /* Network */ = {
			isa = PBXGroup;
			children = (
				4AAA9EA22BD545C800E9D865 /* Constants.swift */,
				4AAA9EA52BD5474700E9D865 /* NetworkClient.swift */,
			);
			path = Network;
			sourceTree = "<group>";
		};
		4AAA9EAA2BD56A9C00E9D865 /* Helpers */ = {
			isa = PBXGroup;
			children = (
				4AAA9EAB2BD56AA800E9D865 /* String + Extension.swift */,
			);
			path = Helpers;
			sourceTree = "<group>";
		};
		4AAA9EB72BD5962400E9D865 /* CoreData */ = {
			isa = PBXGroup;
			children = (
				4AAA9EB82BD5964F00E9D865 /* NewsDataModel.xcdatamodeld */,
				4AAA9EBB2BD599A600E9D865 /* CategoryStore.swift */,
			);
			path = CoreData;
			sourceTree = "<group>";
		};
		4ADF7BEF2BD3E7530079D710 /* Models */ = {
			isa = PBXGroup;
			children = (
				4ADF7BF02BD3E75F0079D710 /* NewsModel.swift */,
			);
			path = Models;
			sourceTree = "<group>";
		};
		4AE1ADAA2BD2819A00EDC2F1 = {
			isa = PBXGroup;
			children = (
				4AE1ADB52BD2819B00EDC2F1 /* NewsApp */,
				4AE1ADB42BD2819B00EDC2F1 /* Products */,
			);
			sourceTree = "<group>";
		};
		4AE1ADB42BD2819B00EDC2F1 /* Products */ = {
			isa = PBXGroup;
			children = (
				4AE1ADB32BD2819B00EDC2F1 /* NewsApp.app */,
			);
			name = Products;
			sourceTree = "<group>";
		};
		4AE1ADB52BD2819B00EDC2F1 /* NewsApp */ = {
			isa = PBXGroup;
			children = (
				4AAA9EB72BD5962400E9D865 /* CoreData */,
				4AAA9EAA2BD56A9C00E9D865 /* Helpers */,
				4AAA9EA42BD5473000E9D865 /* Network */,
				4ADF7BEF2BD3E7530079D710 /* Models */,
				4AE1ADB62BD2819B00EDC2F1 /* AppDelegate.swift */,
				4AE1ADB82BD2819B00EDC2F1 /* SceneDelegate.swift */,
				4AE1ADCA2BD3045500EDC2F1 /* NewsViewController */,
				4AE1ADBF2BD2819C00EDC2F1 /* Assets.xcassets */,
				4AE1ADC12BD2819C00EDC2F1 /* LaunchScreen.storyboard */,
				4AE1ADC42BD2819C00EDC2F1 /* Info.plist */,
				4AAA9EB02BD56E0A00E9D865 /* UIBlockingProgressHUD.swift */,
				4AAA9EBD2BD5AA6B00E9D865 /* VerticallyAlignedUILabel.swift */,
			);
			path = NewsApp;
			sourceTree = "<group>";
		};
		4AE1ADCA2BD3045500EDC2F1 /* NewsViewController */ = {
			isa = PBXGroup;
			children = (
				4AE1ADBA2BD2819B00EDC2F1 /* NewsViewController.swift */,
				4AE1ADCB2BD3047A00EDC2F1 /* SecondaryUICollectionViewCell.swift */,
				4ADF7BF22BD3EE2F0079D710 /* MainUICollectionViewCell.swift */,
				4ADF7BF42BD4143D0079D710 /* SupplementaryView.swift */,
			);
			path = NewsViewController;
			sourceTree = "<group>";
		};
/* End PBXGroup section */

/* Begin PBXNativeTarget section */
		4AE1ADB22BD2819B00EDC2F1 /* NewsApp */ = {
			isa = PBXNativeTarget;
			buildConfigurationList = 4AE1ADC72BD2819C00EDC2F1 /* Build configuration list for PBXNativeTarget "NewsApp" */;
			buildPhases = (
				4AE1ADAF2BD2819B00EDC2F1 /* Sources */,
				4AE1ADB02BD2819B00EDC2F1 /* Frameworks */,
				4AE1ADB12BD2819B00EDC2F1 /* Resources */,
			);
			buildRules = (
			);
			dependencies = (
			);
			name = NewsApp;
			packageProductDependencies = (
				4AAA9EA82BD5478100E9D865 /* Alamofire */,
				4AAA9EAE2BD56DF600E9D865 /* ProgressHUD */,
				4AAA9EB32BD5756400E9D865 /* Kingfisher */,
				4A3450C02BD5DD79009DCFBC /* Reachability */,
			);
			productName = NewsApp;
			productReference = 4AE1ADB32BD2819B00EDC2F1 /* NewsApp.app */;
			productType = "com.apple.product-type.application";
		};
/* End PBXNativeTarget section */

/* Begin PBXProject section */
		4AE1ADAB2BD2819B00EDC2F1 /* Project object */ = {
			isa = PBXProject;
			attributes = {
				BuildIndependentTargetsInParallel = 1;
				LastSwiftUpdateCheck = 1530;
				LastUpgradeCheck = 1530;
				TargetAttributes = {
					4AE1ADB22BD2819B00EDC2F1 = {
						CreatedOnToolsVersion = 15.3;
					};
				};
			};
			buildConfigurationList = 4AE1ADAE2BD2819B00EDC2F1 /* Build configuration list for PBXProject "NewsApp" */;
			compatibilityVersion = "Xcode 14.0";
			developmentRegion = en;
			hasScannedForEncodings = 0;
			knownRegions = (
				en,
				Base,
			);
			mainGroup = 4AE1ADAA2BD2819A00EDC2F1;
			packageReferences = (
				4AAA9EA72BD5478100E9D865 /* XCRemoteSwiftPackageReference "Alamofire" */,
				4AAA9EAD2BD56DF600E9D865 /* XCRemoteSwiftPackageReference "ProgressHUD" */,
				4AAA9EB22BD5756400E9D865 /* XCRemoteSwiftPackageReference "Kingfisher" */,
				4A3450BF2BD5DD79009DCFBC /* XCRemoteSwiftPackageReference "Reachability" */,
			);
			productRefGroup = 4AE1ADB42BD2819B00EDC2F1 /* Products */;
			projectDirPath = "";
			projectRoot = "";
			targets = (
				4AE1ADB22BD2819B00EDC2F1 /* NewsApp */,
			);
		};
/* End PBXProject section */

/* Begin PBXResourcesBuildPhase section */
		4AE1ADB12BD2819B00EDC2F1 /* Resources */ = {
			isa = PBXResourcesBuildPhase;
			buildActionMask = 2147483647;
			files = (
				4AE1ADC02BD2819C00EDC2F1 /* Assets.xcassets in Resources */,
				4AE1ADC32BD2819C00EDC2F1 /* Base in Resources */,
			);
			runOnlyForDeploymentPostprocessing = 0;
		};
/* End PBXResourcesBuildPhase section */

/* Begin PBXSourcesBuildPhase section */
		4AE1ADAF2BD2819B00EDC2F1 /* Sources */ = {
			isa = PBXSourcesBuildPhase;
			buildActionMask = 2147483647;
			files = (
				4AE1ADBB2BD2819B00EDC2F1 /* NewsViewController.swift in Sources */,
				4AAA9EBC2BD599A600E9D865 /* CategoryStore.swift in Sources */,
				4AE1ADB72BD2819B00EDC2F1 /* AppDelegate.swift in Sources */,
				4AAA9EAC2BD56AA800E9D865 /* String + Extension.swift in Sources */,
				4ADF7BF52BD4143D0079D710 /* SupplementaryView.swift in Sources */,
				4AE1ADCC2BD3047A00EDC2F1 /* SecondaryUICollectionViewCell.swift in Sources */,
				4ADF7BF32BD3EE2F0079D710 /* MainUICollectionViewCell.swift in Sources */,
				4AAA9EBE2BD5AA6B00E9D865 /* VerticallyAlignedUILabel.swift in Sources */,
				4AAA9EA62BD5474700E9D865 /* NetworkClient.swift in Sources */,
				4AE1ADB92BD2819B00EDC2F1 /* SceneDelegate.swift in Sources */,
				4ADF7BF12BD3E75F0079D710 /* NewsModel.swift in Sources */,
				4AAA9EB12BD56E0A00E9D865 /* UIBlockingProgressHUD.swift in Sources */,
				4A3450BB2BD5C8F4009DCFBC /* NewsDataModel.xcdatamodeld in Sources */,
				4AAA9EA32BD545C800E9D865 /* Constants.swift in Sources */,
			);
			runOnlyForDeploymentPostprocessing = 0;
		};
/* End PBXSourcesBuildPhase section */

/* Begin PBXVariantGroup section */
		4AE1ADC12BD2819C00EDC2F1 /* LaunchScreen.storyboard */ = {
			isa = PBXVariantGroup;
			children = (
				4AE1ADC22BD2819C00EDC2F1 /* Base */,
			);
			name = LaunchScreen.storyboard;
			sourceTree = "<group>";
		};
/* End PBXVariantGroup section */

/* Begin XCBuildConfiguration section */
		4AE1ADC52BD2819C00EDC2F1 /* Debug */ = {
			isa = XCBuildConfiguration;
			buildSettings = {
				ALWAYS_SEARCH_USER_PATHS = NO;
				ASSETCATALOG_COMPILER_GENERATE_SWIFT_ASSET_SYMBOL_EXTENSIONS = YES;
				CLANG_ANALYZER_NONNULL = YES;
				CLANG_ANALYZER_NUMBER_OBJECT_CONVERSION = YES_AGGRESSIVE;
				CLANG_CXX_LANGUAGE_STANDARD = "gnu++20";
				CLANG_ENABLE_MODULES = YES;
				CLANG_ENABLE_OBJC_ARC = YES;
				CLANG_ENABLE_OBJC_WEAK = YES;
				CLANG_WARN_BLOCK_CAPTURE_AUTORELEASING = YES;
				CLANG_WARN_BOOL_CONVERSION = YES;
				CLANG_WARN_COMMA = YES;
				CLANG_WARN_CONSTANT_CONVERSION = YES;
				CLANG_WARN_DEPRECATED_OBJC_IMPLEMENTATIONS = YES;
				CLANG_WARN_DIRECT_OBJC_ISA_USAGE = YES_ERROR;
				CLANG_WARN_DOCUMENTATION_COMMENTS = YES;
				CLANG_WARN_EMPTY_BODY = YES;
				CLANG_WARN_ENUM_CONVERSION = YES;
				CLANG_WARN_INFINITE_RECURSION = YES;
				CLANG_WARN_INT_CONVERSION = YES;
				CLANG_WARN_NON_LITERAL_NULL_CONVERSION = YES;
				CLANG_WARN_OBJC_IMPLICIT_RETAIN_SELF = YES;
				CLANG_WARN_OBJC_LITERAL_CONVERSION = YES;
				CLANG_WARN_OBJC_ROOT_CLASS = YES_ERROR;
				CLANG_WARN_QUOTED_INCLUDE_IN_FRAMEWORK_HEADER = YES;
				CLANG_WARN_RANGE_LOOP_ANALYSIS = YES;
				CLANG_WARN_STRICT_PROTOTYPES = YES;
				CLANG_WARN_SUSPICIOUS_MOVE = YES;
				CLANG_WARN_UNGUARDED_AVAILABILITY = YES_AGGRESSIVE;
				CLANG_WARN_UNREACHABLE_CODE = YES;
				CLANG_WARN__DUPLICATE_METHOD_MATCH = YES;
				COPY_PHASE_STRIP = NO;
				DEBUG_INFORMATION_FORMAT = dwarf;
				ENABLE_STRICT_OBJC_MSGSEND = YES;
				ENABLE_TESTABILITY = YES;
				ENABLE_USER_SCRIPT_SANDBOXING = YES;
				GCC_C_LANGUAGE_STANDARD = gnu17;
				GCC_DYNAMIC_NO_PIC = NO;
				GCC_NO_COMMON_BLOCKS = YES;
				GCC_OPTIMIZATION_LEVEL = 0;
				GCC_PREPROCESSOR_DEFINITIONS = (
					"DEBUG=1",
					"$(inherited)",
				);
				GCC_WARN_64_TO_32_BIT_CONVERSION = YES;
				GCC_WARN_ABOUT_RETURN_TYPE = YES_ERROR;
				GCC_WARN_UNDECLARED_SELECTOR = YES;
				GCC_WARN_UNINITIALIZED_AUTOS = YES_AGGRESSIVE;
				GCC_WARN_UNUSED_FUNCTION = YES;
				GCC_WARN_UNUSED_VARIABLE = YES;
				IPHONEOS_DEPLOYMENT_TARGET = 16.0;
				LOCALIZATION_PREFERS_STRING_CATALOGS = YES;
				MTL_ENABLE_DEBUG_INFO = INCLUDE_SOURCE;
				MTL_FAST_MATH = YES;
				ONLY_ACTIVE_ARCH = YES;
				SDKROOT = iphoneos;
				SWIFT_ACTIVE_COMPILATION_CONDITIONS = "DEBUG $(inherited)";
				SWIFT_OPTIMIZATION_LEVEL = "-Onone";
			};
			name = Debug;
		};
		4AE1ADC62BD2819C00EDC2F1 /* Release */ = {
			isa = XCBuildConfiguration;
			buildSettings = {
				ALWAYS_SEARCH_USER_PATHS = NO;
				ASSETCATALOG_COMPILER_GENERATE_SWIFT_ASSET_SYMBOL_EXTENSIONS = YES;
				CLANG_ANALYZER_NONNULL = YES;
				CLANG_ANALYZER_NUMBER_OBJECT_CONVERSION = YES_AGGRESSIVE;
				CLANG_CXX_LANGUAGE_STANDARD = "gnu++20";
				CLANG_ENABLE_MODULES = YES;
				CLANG_ENABLE_OBJC_ARC = YES;
				CLANG_ENABLE_OBJC_WEAK = YES;
				CLANG_WARN_BLOCK_CAPTURE_AUTORELEASING = YES;
				CLANG_WARN_BOOL_CONVERSION = YES;
				CLANG_WARN_COMMA = YES;
				CLANG_WARN_CONSTANT_CONVERSION = YES;
				CLANG_WARN_DEPRECATED_OBJC_IMPLEMENTATIONS = YES;
				CLANG_WARN_DIRECT_OBJC_ISA_USAGE = YES_ERROR;
				CLANG_WARN_DOCUMENTATION_COMMENTS = YES;
				CLANG_WARN_EMPTY_BODY = YES;
				CLANG_WARN_ENUM_CONVERSION = YES;
				CLANG_WARN_INFINITE_RECURSION = YES;
				CLANG_WARN_INT_CONVERSION = YES;
				CLANG_WARN_NON_LITERAL_NULL_CONVERSION = YES;
				CLANG_WARN_OBJC_IMPLICIT_RETAIN_SELF = YES;
				CLANG_WARN_OBJC_LITERAL_CONVERSION = YES;
				CLANG_WARN_OBJC_ROOT_CLASS = YES_ERROR;
				CLANG_WARN_QUOTED_INCLUDE_IN_FRAMEWORK_HEADER = YES;
				CLANG_WARN_RANGE_LOOP_ANALYSIS = YES;
				CLANG_WARN_STRICT_PROTOTYPES = YES;
				CLANG_WARN_SUSPICIOUS_MOVE = YES;
				CLANG_WARN_UNGUARDED_AVAILABILITY = YES_AGGRESSIVE;
				CLANG_WARN_UNREACHABLE_CODE = YES;
				CLANG_WARN__DUPLICATE_METHOD_MATCH = YES;
				COPY_PHASE_STRIP = NO;
				DEBUG_INFORMATION_FORMAT = "dwarf-with-dsym";
				ENABLE_NS_ASSERTIONS = NO;
				ENABLE_STRICT_OBJC_MSGSEND = YES;
				ENABLE_USER_SCRIPT_SANDBOXING = YES;
				GCC_C_LANGUAGE_STANDARD = gnu17;
				GCC_NO_COMMON_BLOCKS = YES;
				GCC_WARN_64_TO_32_BIT_CONVERSION = YES;
				GCC_WARN_ABOUT_RETURN_TYPE = YES_ERROR;
				GCC_WARN_UNDECLARED_SELECTOR = YES;
				GCC_WARN_UNINITIALIZED_AUTOS = YES_AGGRESSIVE;
				GCC_WARN_UNUSED_FUNCTION = YES;
				GCC_WARN_UNUSED_VARIABLE = YES;
				IPHONEOS_DEPLOYMENT_TARGET = 16.0;
				LOCALIZATION_PREFERS_STRING_CATALOGS = YES;
				MTL_ENABLE_DEBUG_INFO = NO;
				MTL_FAST_MATH = YES;
				SDKROOT = iphoneos;
				SWIFT_COMPILATION_MODE = wholemodule;
				VALIDATE_PRODUCT = YES;
			};
			name = Release;
		};
		4AE1ADC82BD2819C00EDC2F1 /* Debug */ = {
			isa = XCBuildConfiguration;
			buildSettings = {
				ASSETCATALOG_COMPILER_APPICON_NAME = AppIcon;
				ASSETCATALOG_COMPILER_GLOBAL_ACCENT_COLOR_NAME = AccentColor;
				CODE_SIGN_STYLE = Automatic;
				CURRENT_PROJECT_VERSION = 1;
				DEVELOPMENT_TEAM = 9E95VF8K24;
				GENERATE_INFOPLIST_FILE = YES;
				INFOPLIST_FILE = NewsApp/Info.plist;
				INFOPLIST_KEY_UIApplicationSupportsIndirectInputEvents = YES;
				INFOPLIST_KEY_UILaunchStoryboardName = LaunchScreen;
				INFOPLIST_KEY_UISupportedInterfaceOrientations = UIInterfaceOrientationPortrait;
				LD_RUNPATH_SEARCH_PATHS = (
					"$(inherited)",
					"@executable_path/Frameworks",
				);
				MARKETING_VERSION = 1.0;
				PRODUCT_BUNDLE_IDENTIFIER = ru.khalilulinRuslan.com.NewsApp;
				PRODUCT_NAME = "$(TARGET_NAME)";
				SUPPORTED_PLATFORMS = "iphoneos iphonesimulator";
				SUPPORTS_MACCATALYST = NO;
				SUPPORTS_MAC_DESIGNED_FOR_IPHONE_IPAD = NO;
				SUPPORTS_XR_DESIGNED_FOR_IPHONE_IPAD = NO;
				SWIFT_EMIT_LOC_STRINGS = YES;
				SWIFT_VERSION = 5.0;
				TARGETED_DEVICE_FAMILY = 1;
			};
			name = Debug;
		};
		4AE1ADC92BD2819C00EDC2F1 /* Release */ = {
			isa = XCBuildConfiguration;
			buildSettings = {
				ASSETCATALOG_COMPILER_APPICON_NAME = AppIcon;
				ASSETCATALOG_COMPILER_GLOBAL_ACCENT_COLOR_NAME = AccentColor;
				CODE_SIGN_STYLE = Automatic;
				CURRENT_PROJECT_VERSION = 1;
				DEVELOPMENT_TEAM = 9E95VF8K24;
				GENERATE_INFOPLIST_FILE = YES;
				INFOPLIST_FILE = NewsApp/Info.plist;
				INFOPLIST_KEY_UIApplicationSupportsIndirectInputEvents = YES;
				INFOPLIST_KEY_UILaunchStoryboardName = LaunchScreen;
				INFOPLIST_KEY_UISupportedInterfaceOrientations = UIInterfaceOrientationPortrait;
				LD_RUNPATH_SEARCH_PATHS = (
					"$(inherited)",
					"@executable_path/Frameworks",
				);
				MARKETING_VERSION = 1.0;
				PRODUCT_BUNDLE_IDENTIFIER = ru.khalilulinRuslan.com.NewsApp;
				PRODUCT_NAME = "$(TARGET_NAME)";
				SUPPORTED_PLATFORMS = "iphoneos iphonesimulator";
				SUPPORTS_MACCATALYST = NO;
				SUPPORTS_MAC_DESIGNED_FOR_IPHONE_IPAD = NO;
				SUPPORTS_XR_DESIGNED_FOR_IPHONE_IPAD = NO;
				SWIFT_EMIT_LOC_STRINGS = YES;
				SWIFT_VERSION = 5.0;
				TARGETED_DEVICE_FAMILY = 1;
			};
			name = Release;
		};
/* End XCBuildConfiguration section */

/* Begin XCConfigurationList section */
		4AE1ADAE2BD2819B00EDC2F1 /* Build configuration list for PBXProject "NewsApp" */ = {
			isa = XCConfigurationList;
			buildConfigurations = (
				4AE1ADC52BD2819C00EDC2F1 /* Debug */,
				4AE1ADC62BD2819C00EDC2F1 /* Release */,
			);
			defaultConfigurationIsVisible = 0;
			defaultConfigurationName = Release;
		};
		4AE1ADC72BD2819C00EDC2F1 /* Build configuration list for PBXNativeTarget "NewsApp" */ = {
			isa = XCConfigurationList;
			buildConfigurations = (
				4AE1ADC82BD2819C00EDC2F1 /* Debug */,
				4AE1ADC92BD2819C00EDC2F1 /* Release */,
			);
			defaultConfigurationIsVisible = 0;
			defaultConfigurationName = Release;
		};
/* End XCConfigurationList section */

/* Begin XCRemoteSwiftPackageReference section */
		4A3450BF2BD5DD79009DCFBC /* XCRemoteSwiftPackageReference "Reachability" */ = {
			isa = XCRemoteSwiftPackageReference;
			repositoryURL = "https://github.com/ashleymills/Reachability.swift";
			requirement = {
				branch = master;
				kind = branch;
			};
		};
		4AAA9EA72BD5478100E9D865 /* XCRemoteSwiftPackageReference "Alamofire" */ = {
			isa = XCRemoteSwiftPackageReference;
			repositoryURL = "https://github.com/Alamofire/Alamofire?ysclid=lus3gx2ytl294112242";
			requirement = {
				kind = upToNextMajorVersion;
				minimumVersion = 5.9.1;
			};
		};
		4AAA9EAD2BD56DF600E9D865 /* XCRemoteSwiftPackageReference "ProgressHUD" */ = {
			isa = XCRemoteSwiftPackageReference;
			repositoryURL = "https://github.com/relatedcode/ProgressHUD?ysclid=lu8kzkastq943127406";
			requirement = {
				kind = upToNextMajorVersion;
				minimumVersion = 14.1.1;
			};
		};
		4AAA9EB22BD5756400E9D865 /* XCRemoteSwiftPackageReference "Kingfisher" */ = {
			isa = XCRemoteSwiftPackageReference;
			repositoryURL = "https://github.com/onevcat/Kingfisher?ysclid=lv9qnzv1su732640608";
			requirement = {
				kind = upToNextMajorVersion;
				minimumVersion = 7.11.0;
			};
		};
/* End XCRemoteSwiftPackageReference section */

/* Begin XCSwiftPackageProductDependency section */
		4A3450C02BD5DD79009DCFBC /* Reachability */ = {
			isa = XCSwiftPackageProductDependency;
			package = 4A3450BF2BD5DD79009DCFBC /* XCRemoteSwiftPackageReference "Reachability" */;
			productName = Reachability;
		};
		4AAA9EA82BD5478100E9D865 /* Alamofire */ = {
			isa = XCSwiftPackageProductDependency;
			package = 4AAA9EA72BD5478100E9D865 /* XCRemoteSwiftPackageReference "Alamofire" */;
			productName = Alamofire;
		};
		4AAA9EAE2BD56DF600E9D865 /* ProgressHUD */ = {
			isa = XCSwiftPackageProductDependency;
			package = 4AAA9EAD2BD56DF600E9D865 /* XCRemoteSwiftPackageReference "ProgressHUD" */;
			productName = ProgressHUD;
		};
		4AAA9EB32BD5756400E9D865 /* Kingfisher */ = {
			isa = XCSwiftPackageProductDependency;
			package = 4AAA9EB22BD5756400E9D865 /* XCRemoteSwiftPackageReference "Kingfisher" */;
			productName = Kingfisher;
		};
/* End XCSwiftPackageProductDependency section */

/* Begin XCVersionGroup section */
		4AAA9EB82BD5964F00E9D865 /* NewsDataModel.xcdatamodeld */ = {
			isa = XCVersionGroup;
			children = (
				4AAA9EB92BD5964F00E9D865 /* NewsDataModel.xcdatamodel */,
			);
			currentVersion = 4AAA9EB92BD5964F00E9D865 /* NewsDataModel.xcdatamodel */;
			name = NewsDataModel.xcdatamodeld;
			path = /Users/ruslanhalilulin/Desktop/NewsApp/NewsApp/CoreData/NewsDataModel.xcdatamodeld;
			sourceTree = "<group>";
			versionGroupType = wrapper.xcdatamodel;
		};
/* End XCVersionGroup section */
	};
	rootObject = 4AE1ADAB2BD2819B00EDC2F1 /* Project object */;
}
